// !$*UTF8*$!
{
	archiveVersion = 1;
	classes = {
	};
	objectVersion = 56;
	objects = {

/* Begin PBXBuildFile section */
		713F602B29B0040100FB22B1 /* MoneyTrackerApp.swift in Sources */ = {isa = PBXBuildFile; fileRef = 713F602A29B0040100FB22B1 /* MoneyTrackerApp.swift */; };
		713F602D29B0040100FB22B1 /* ContentView.swift in Sources */ = {isa = PBXBuildFile; fileRef = 713F602C29B0040100FB22B1 /* ContentView.swift */; };
		713F602F29B0040500FB22B1 /* Assets.xcassets in Resources */ = {isa = PBXBuildFile; fileRef = 713F602E29B0040500FB22B1 /* Assets.xcassets */; };
		713F603229B0040500FB22B1 /* Preview Assets.xcassets in Resources */ = {isa = PBXBuildFile; fileRef = 713F603129B0040500FB22B1 /* Preview Assets.xcassets */; };
		713F603429B0040500FB22B1 /* Persistence.swift in Sources */ = {isa = PBXBuildFile; fileRef = 713F603329B0040500FB22B1 /* Persistence.swift */; };
		713F603729B0040500FB22B1 /* MoneyTracker.xcdatamodeld in Sources */ = {isa = PBXBuildFile; fileRef = 713F603529B0040500FB22B1 /* MoneyTracker.xcdatamodeld */; };
		713F604129B0040600FB22B1 /* MoneyTrackerTests.swift in Sources */ = {isa = PBXBuildFile; fileRef = 713F604029B0040600FB22B1 /* MoneyTrackerTests.swift */; };
		713F604B29B0040600FB22B1 /* MoneyTrackerUITests.swift in Sources */ = {isa = PBXBuildFile; fileRef = 713F604A29B0040600FB22B1 /* MoneyTrackerUITests.swift */; };
		713F604D29B0040600FB22B1 /* MoneyTrackerUITestsLaunchTests.swift in Sources */ = {isa = PBXBuildFile; fileRef = 713F604C29B0040600FB22B1 /* MoneyTrackerUITestsLaunchTests.swift */; };
		713F605D29B0050200FB22B1 /* MainView.swift in Sources */ = {isa = PBXBuildFile; fileRef = 713F605C29B0050200FB22B1 /* MainView.swift */; };
		713F606029B0120A00FB22B1 /* AddCardForm.swift in Sources */ = {isa = PBXBuildFile; fileRef = 713F605F29B0120A00FB22B1 /* AddCardForm.swift */; };
		713F606729B1397400FB22B1 /* AddTransactionForm.swift in Sources */ = {isa = PBXBuildFile; fileRef = 713F606629B1397400FB22B1 /* AddTransactionForm.swift */; };
		71A9CB5529B7A2F7000AD1BC /* TransactionsListView.swift in Sources */ = {isa = PBXBuildFile; fileRef = 71A9CB5429B7A2F7000AD1BC /* TransactionsListView.swift */; };
/* End PBXBuildFile section */

/* Begin PBXContainerItemProxy section */
		713F603D29B0040600FB22B1 /* PBXContainerItemProxy */ = {
			isa = PBXContainerItemProxy;
			containerPortal = 713F601F29B0040100FB22B1 /* Project object */;
			proxyType = 1;
			remoteGlobalIDString = 713F602629B0040100FB22B1;
			remoteInfo = MoneyTracker;
		};
		713F604729B0040600FB22B1 /* PBXContainerItemProxy */ = {
			isa = PBXContainerItemProxy;
			containerPortal = 713F601F29B0040100FB22B1 /* Project object */;
			proxyType = 1;
			remoteGlobalIDString = 713F602629B0040100FB22B1;
			remoteInfo = MoneyTracker;
		};
/* End PBXContainerItemProxy section */

/* Begin PBXFileReference section */
		713F602729B0040100FB22B1 /* MoneyTracker.app */ = {isa = PBXFileReference; explicitFileType = wrapper.application; includeInIndex = 0; path = MoneyTracker.app; sourceTree = BUILT_PRODUCTS_DIR; };
		713F602A29B0040100FB22B1 /* MoneyTrackerApp.swift */ = {isa = PBXFileReference; lastKnownFileType = sourcecode.swift; path = MoneyTrackerApp.swift; sourceTree = "<group>"; };
		713F602C29B0040100FB22B1 /* ContentView.swift */ = {isa = PBXFileReference; lastKnownFileType = sourcecode.swift; path = ContentView.swift; sourceTree = "<group>"; };
		713F602E29B0040500FB22B1 /* Assets.xcassets */ = {isa = PBXFileReference; lastKnownFileType = folder.assetcatalog; path = Assets.xcassets; sourceTree = "<group>"; };
		713F603129B0040500FB22B1 /* Preview Assets.xcassets */ = {isa = PBXFileReference; lastKnownFileType = folder.assetcatalog; path = "Preview Assets.xcassets"; sourceTree = "<group>"; };
		713F603329B0040500FB22B1 /* Persistence.swift */ = {isa = PBXFileReference; lastKnownFileType = sourcecode.swift; path = Persistence.swift; sourceTree = "<group>"; };
		713F603629B0040500FB22B1 /* MoneyTracker.xcdatamodel */ = {isa = PBXFileReference; lastKnownFileType = wrapper.xcdatamodel; path = MoneyTracker.xcdatamodel; sourceTree = "<group>"; };
		713F603C29B0040600FB22B1 /* MoneyTrackerTests.xctest */ = {isa = PBXFileReference; explicitFileType = wrapper.cfbundle; includeInIndex = 0; path = MoneyTrackerTests.xctest; sourceTree = BUILT_PRODUCTS_DIR; };
		713F604029B0040600FB22B1 /* MoneyTrackerTests.swift */ = {isa = PBXFileReference; lastKnownFileType = sourcecode.swift; path = MoneyTrackerTests.swift; sourceTree = "<group>"; };
		713F604629B0040600FB22B1 /* MoneyTrackerUITests.xctest */ = {isa = PBXFileReference; explicitFileType = wrapper.cfbundle; includeInIndex = 0; path = MoneyTrackerUITests.xctest; sourceTree = BUILT_PRODUCTS_DIR; };
		713F604A29B0040600FB22B1 /* MoneyTrackerUITests.swift */ = {isa = PBXFileReference; lastKnownFileType = sourcecode.swift; path = MoneyTrackerUITests.swift; sourceTree = "<group>"; };
		713F604C29B0040600FB22B1 /* MoneyTrackerUITestsLaunchTests.swift */ = {isa = PBXFileReference; lastKnownFileType = sourcecode.swift; path = MoneyTrackerUITestsLaunchTests.swift; sourceTree = "<group>"; };
		713F605C29B0050200FB22B1 /* MainView.swift */ = {isa = PBXFileReference; lastKnownFileType = sourcecode.swift; path = MainView.swift; sourceTree = "<group>"; };
		713F605F29B0120A00FB22B1 /* AddCardForm.swift */ = {isa = PBXFileReference; lastKnownFileType = sourcecode.swift; path = AddCardForm.swift; sourceTree = "<group>"; };
		713F606629B1397400FB22B1 /* AddTransactionForm.swift */ = {isa = PBXFileReference; lastKnownFileType = sourcecode.swift; path = AddTransactionForm.swift; sourceTree = "<group>"; };
		71A9CB5429B7A2F7000AD1BC /* TransactionsListView.swift */ = {isa = PBXFileReference; lastKnownFileType = sourcecode.swift; path = TransactionsListView.swift; sourceTree = "<group>"; };
/* End PBXFileReference section */

/* Begin PBXFrameworksBuildPhase section */
		713F602429B0040100FB22B1 /* Frameworks */ = {
			isa = PBXFrameworksBuildPhase;
			buildActionMask = 2147483647;
			files = (
			);
			runOnlyForDeploymentPostprocessing = 0;
		};
		713F603929B0040600FB22B1 /* Frameworks */ = {
			isa = PBXFrameworksBuildPhase;
			buildActionMask = 2147483647;
			files = (
			);
			runOnlyForDeploymentPostprocessing = 0;
		};
		713F604329B0040600FB22B1 /* Frameworks */ = {
			isa = PBXFrameworksBuildPhase;
			buildActionMask = 2147483647;
			files = (
			);
			runOnlyForDeploymentPostprocessing = 0;
		};
/* End PBXFrameworksBuildPhase section */

/* Begin PBXGroup section */
		713F601E29B0040100FB22B1 = {
			isa = PBXGroup;
			children = (
				713F602929B0040100FB22B1 /* MoneyTracker */,
				713F603F29B0040600FB22B1 /* MoneyTrackerTests */,
				713F604929B0040600FB22B1 /* MoneyTrackerUITests */,
				713F602829B0040100FB22B1 /* Products */,
			);
			sourceTree = "<group>";
		};
		713F602829B0040100FB22B1 /* Products */ = {
			isa = PBXGroup;
			children = (
				713F602729B0040100FB22B1 /* MoneyTracker.app */,
				713F603C29B0040600FB22B1 /* MoneyTrackerTests.xctest */,
				713F604629B0040600FB22B1 /* MoneyTrackerUITests.xctest */,
			);
			name = Products;
			sourceTree = "<group>";
		};
		713F602929B0040100FB22B1 /* MoneyTracker */ = {
			isa = PBXGroup;
			children = (
				713F605929B004AD00FB22B1 /* Main */,
				713F602A29B0040100FB22B1 /* MoneyTrackerApp.swift */,
				713F602C29B0040100FB22B1 /* ContentView.swift */,
				713F602E29B0040500FB22B1 /* Assets.xcassets */,
				713F603329B0040500FB22B1 /* Persistence.swift */,
				713F603529B0040500FB22B1 /* MoneyTracker.xcdatamodeld */,
				713F603029B0040500FB22B1 /* Preview Content */,
			);
			path = MoneyTracker;
			sourceTree = "<group>";
		};
		713F603029B0040500FB22B1 /* Preview Content */ = {
			isa = PBXGroup;
			children = (
				713F603129B0040500FB22B1 /* Preview Assets.xcassets */,
			);
			path = "Preview Content";
			sourceTree = "<group>";
		};
		713F603F29B0040600FB22B1 /* MoneyTrackerTests */ = {
			isa = PBXGroup;
			children = (
				713F604029B0040600FB22B1 /* MoneyTrackerTests.swift */,
			);
			path = MoneyTrackerTests;
			sourceTree = "<group>";
		};
		713F604929B0040600FB22B1 /* MoneyTrackerUITests */ = {
			isa = PBXGroup;
			children = (
				713F604A29B0040600FB22B1 /* MoneyTrackerUITests.swift */,
				713F604C29B0040600FB22B1 /* MoneyTrackerUITestsLaunchTests.swift */,
			);
			path = MoneyTrackerUITests;
			sourceTree = "<group>";
		};
		713F605929B004AD00FB22B1 /* Main */ = {
			isa = PBXGroup;
			children = (
				713F606529B1395700FB22B1 /* Transaction */,
				713F605E29B011F800FB22B1 /* Card */,
				713F605C29B0050200FB22B1 /* MainView.swift */,
			);
			path = Main;
			sourceTree = "<group>";
		};
		713F605E29B011F800FB22B1 /* Card */ = {
			isa = PBXGroup;
			children = (
				713F605F29B0120A00FB22B1 /* AddCardForm.swift */,
			);
			path = Card;
			sourceTree = "<group>";
		};
		713F606529B1395700FB22B1 /* Transaction */ = {
			isa = PBXGroup;
			children = (
				713F606629B1397400FB22B1 /* AddTransactionForm.swift */,
				71A9CB5429B7A2F7000AD1BC /* TransactionsListView.swift */,
			);
			path = Transaction;
			sourceTree = "<group>";
		};
/* End PBXGroup section */

/* Begin PBXNativeTarget section */
		713F602629B0040100FB22B1 /* MoneyTracker */ = {
			isa = PBXNativeTarget;
			buildConfigurationList = 713F605029B0040600FB22B1 /* Build configuration list for PBXNativeTarget "MoneyTracker" */;
			buildPhases = (
				713F602329B0040100FB22B1 /* Sources */,
				713F602429B0040100FB22B1 /* Frameworks */,
				713F602529B0040100FB22B1 /* Resources */,
			);
			buildRules = (
			);
			dependencies = (
			);
			name = MoneyTracker;
			productName = MoneyTracker;
			productReference = 713F602729B0040100FB22B1 /* MoneyTracker.app */;
			productType = "com.apple.product-type.application";
		};
		713F603B29B0040600FB22B1 /* MoneyTrackerTests */ = {
			isa = PBXNativeTarget;
			buildConfigurationList = 713F605329B0040600FB22B1 /* Build configuration list for PBXNativeTarget "MoneyTrackerTests" */;
			buildPhases = (
				713F603829B0040600FB22B1 /* Sources */,
				713F603929B0040600FB22B1 /* Frameworks */,
				713F603A29B0040600FB22B1 /* Resources */,
			);
			buildRules = (
			);
			dependencies = (
				713F603E29B0040600FB22B1 /* PBXTargetDependency */,
			);
			name = MoneyTrackerTests;
			productName = MoneyTrackerTests;
			productReference = 713F603C29B0040600FB22B1 /* MoneyTrackerTests.xctest */;
			productType = "com.apple.product-type.bundle.unit-test";
		};
		713F604529B0040600FB22B1 /* MoneyTrackerUITests */ = {
			isa = PBXNativeTarget;
			buildConfigurationList = 713F605629B0040600FB22B1 /* Build configuration list for PBXNativeTarget "MoneyTrackerUITests" */;
			buildPhases = (
				713F604229B0040600FB22B1 /* Sources */,
				713F604329B0040600FB22B1 /* Frameworks */,
				713F604429B0040600FB22B1 /* Resources */,
			);
			buildRules = (
			);
			dependencies = (
				713F604829B0040600FB22B1 /* PBXTargetDependency */,
			);
			name = MoneyTrackerUITests;
			productName = MoneyTrackerUITests;
			productReference = 713F604629B0040600FB22B1 /* MoneyTrackerUITests.xctest */;
			productType = "com.apple.product-type.bundle.ui-testing";
		};
/* End PBXNativeTarget section */

/* Begin PBXProject section */
		713F601F29B0040100FB22B1 /* Project object */ = {
			isa = PBXProject;
			attributes = {
				BuildIndependentTargetsInParallel = 1;
				LastSwiftUpdateCheck = 1410;
				LastUpgradeCheck = 1410;
				TargetAttributes = {
					713F602629B0040100FB22B1 = {
						CreatedOnToolsVersion = 14.1;
					};
					713F603B29B0040600FB22B1 = {
						CreatedOnToolsVersion = 14.1;
						TestTargetID = 713F602629B0040100FB22B1;
					};
					713F604529B0040600FB22B1 = {
						CreatedOnToolsVersion = 14.1;
						TestTargetID = 713F602629B0040100FB22B1;
					};
				};
			};
			buildConfigurationList = 713F602229B0040100FB22B1 /* Build configuration list for PBXProject "MoneyTracker" */;
			compatibilityVersion = "Xcode 14.0";
			developmentRegion = en;
			hasScannedForEncodings = 0;
			knownRegions = (
				en,
				Base,
			);
			mainGroup = 713F601E29B0040100FB22B1;
			productRefGroup = 713F602829B0040100FB22B1 /* Products */;
			projectDirPath = "";
			projectRoot = "";
			targets = (
				713F602629B0040100FB22B1 /* MoneyTracker */,
				713F603B29B0040600FB22B1 /* MoneyTrackerTests */,
				713F604529B0040600FB22B1 /* MoneyTrackerUITests */,
			);
		};
/* End PBXProject section */

/* Begin PBXResourcesBuildPhase section */
		713F602529B0040100FB22B1 /* Resources */ = {
			isa = PBXResourcesBuildPhase;
			buildActionMask = 2147483647;
			files = (
				713F603229B0040500FB22B1 /* Preview Assets.xcassets in Resources */,
				713F602F29B0040500FB22B1 /* Assets.xcassets in Resources */,
			);
			runOnlyForDeploymentPostprocessing = 0;
		};
		713F603A29B0040600FB22B1 /* Resources */ = {
			isa = PBXResourcesBuildPhase;
			buildActionMask = 2147483647;
			files = (
			);
			runOnlyForDeploymentPostprocessing = 0;
		};
		713F604429B0040600FB22B1 /* Resources */ = {
			isa = PBXResourcesBuildPhase;
			buildActionMask = 2147483647;
			files = (
			);
			runOnlyForDeploymentPostprocessing = 0;
		};
/* End PBXResourcesBuildPhase section */

/* Begin PBXSourcesBuildPhase section */
		713F602329B0040100FB22B1 /* Sources */ = {
			isa = PBXSourcesBuildPhase;
			buildActionMask = 2147483647;
			files = (
				713F603429B0040500FB22B1 /* Persistence.swift in Sources */,
				713F606029B0120A00FB22B1 /* AddCardForm.swift in Sources */,
				713F603729B0040500FB22B1 /* MoneyTracker.xcdatamodeld in Sources */,
				713F606729B1397400FB22B1 /* AddTransactionForm.swift in Sources */,
				713F602D29B0040100FB22B1 /* ContentView.swift in Sources */,
				71A9CB5529B7A2F7000AD1BC /* TransactionsListView.swift in Sources */,
				713F605D29B0050200FB22B1 /* MainView.swift in Sources */,
				713F602B29B0040100FB22B1 /* MoneyTrackerApp.swift in Sources */,
			);
			runOnlyForDeploymentPostprocessing = 0;
		};
		713F603829B0040600FB22B1 /* Sources */ = {
			isa = PBXSourcesBuildPhase;
			buildActionMask = 2147483647;
			files = (
				713F604129B0040600FB22B1 /* MoneyTrackerTests.swift in Sources */,
			);
			runOnlyForDeploymentPostprocessing = 0;
		};
		713F604229B0040600FB22B1 /* Sources */ = {
			isa = PBXSourcesBuildPhase;
			buildActionMask = 2147483647;
			files = (
				713F604D29B0040600FB22B1 /* MoneyTrackerUITestsLaunchTests.swift in Sources */,
				713F604B29B0040600FB22B1 /* MoneyTrackerUITests.swift in Sources */,
			);
			runOnlyForDeploymentPostprocessing = 0;
		};
/* End PBXSourcesBuildPhase section */

/* Begin PBXTargetDependency section */
		713F603E29B0040600FB22B1 /* PBXTargetDependency */ = {
			isa = PBXTargetDependency;
			target = 713F602629B0040100FB22B1 /* MoneyTracker */;
			targetProxy = 713F603D29B0040600FB22B1 /* PBXContainerItemProxy */;
		};
		713F604829B0040600FB22B1 /* PBXTargetDependency */ = {
			isa = PBXTargetDependency;
			target = 713F602629B0040100FB22B1 /* MoneyTracker */;
			targetProxy = 713F604729B0040600FB22B1 /* PBXContainerItemProxy */;
		};
/* End PBXTargetDependency section */

/* Begin XCBuildConfiguration section */
		713F604E29B0040600FB22B1 /* Debug */ = {
			isa = XCBuildConfiguration;
			buildSettings = {
				ALWAYS_SEARCH_USER_PATHS = NO;
				CLANG_ANALYZER_NONNULL = YES;
				CLANG_ANALYZER_NUMBER_OBJECT_CONVERSION = YES_AGGRESSIVE;
				CLANG_CXX_LANGUAGE_STANDARD = "gnu++20";
				CLANG_ENABLE_MODULES = YES;
				CLANG_ENABLE_OBJC_ARC = YES;
				CLANG_ENABLE_OBJC_WEAK = YES;
				CLANG_WARN_BLOCK_CAPTURE_AUTORELEASING = YES;
				CLANG_WARN_BOOL_CONVERSION = YES;
				CLANG_WARN_COMMA = YES;
				CLANG_WARN_CONSTANT_CONVERSION = YES;
				CLANG_WARN_DEPRECATED_OBJC_IMPLEMENTATIONS = YES;
				CLANG_WARN_DIRECT_OBJC_ISA_USAGE = YES_ERROR;
				CLANG_WARN_DOCUMENTATION_COMMENTS = YES;
				CLANG_WARN_EMPTY_BODY = YES;
				CLANG_WARN_ENUM_CONVERSION = YES;
				CLANG_WARN_INFINITE_RECURSION = YES;
				CLANG_WARN_INT_CONVERSION = YES;
				CLANG_WARN_NON_LITERAL_NULL_CONVERSION = YES;
				CLANG_WARN_OBJC_IMPLICIT_RETAIN_SELF = YES;
				CLANG_WARN_OBJC_LITERAL_CONVERSION = YES;
				CLANG_WARN_OBJC_ROOT_CLASS = YES_ERROR;
				CLANG_WARN_QUOTED_INCLUDE_IN_FRAMEWORK_HEADER = YES;
				CLANG_WARN_RANGE_LOOP_ANALYSIS = YES;
				CLANG_WARN_STRICT_PROTOTYPES = YES;
				CLANG_WARN_SUSPICIOUS_MOVE = YES;
				CLANG_WARN_UNGUARDED_AVAILABILITY = YES_AGGRESSIVE;
				CLANG_WARN_UNREACHABLE_CODE = YES;
				CLANG_WARN__DUPLICATE_METHOD_MATCH = YES;
				COPY_PHASE_STRIP = NO;
				DEBUG_INFORMATION_FORMAT = dwarf;
				ENABLE_STRICT_OBJC_MSGSEND = YES;
				ENABLE_TESTABILITY = YES;
				GCC_C_LANGUAGE_STANDARD = gnu11;
				GCC_DYNAMIC_NO_PIC = NO;
				GCC_NO_COMMON_BLOCKS = YES;
				GCC_OPTIMIZATION_LEVEL = 0;
				GCC_PREPROCESSOR_DEFINITIONS = (
					"DEBUG=1",
					"$(inherited)",
				);
				GCC_WARN_64_TO_32_BIT_CONVERSION = YES;
				GCC_WARN_ABOUT_RETURN_TYPE = YES_ERROR;
				GCC_WARN_UNDECLARED_SELECTOR = YES;
				GCC_WARN_UNINITIALIZED_AUTOS = YES_AGGRESSIVE;
				GCC_WARN_UNUSED_FUNCTION = YES;
				GCC_WARN_UNUSED_VARIABLE = YES;
				IPHONEOS_DEPLOYMENT_TARGET = 16.1;
				MTL_ENABLE_DEBUG_INFO = INCLUDE_SOURCE;
				MTL_FAST_MATH = YES;
				ONLY_ACTIVE_ARCH = YES;
				SDKROOT = iphoneos;
				SWIFT_ACTIVE_COMPILATION_CONDITIONS = DEBUG;
				SWIFT_OPTIMIZATION_LEVEL = "-Onone";
			};
			name = Debug;
		};
		713F604F29B0040600FB22B1 /* Release */ = {
			isa = XCBuildConfiguration;
			buildSettings = {
				ALWAYS_SEARCH_USER_PATHS = NO;
				CLANG_ANALYZER_NONNULL = YES;
				CLANG_ANALYZER_NUMBER_OBJECT_CONVERSION = YES_AGGRESSIVE;
				CLANG_CXX_LANGUAGE_STANDARD = "gnu++20";
				CLANG_ENABLE_MODULES = YES;
				CLANG_ENABLE_OBJC_ARC = YES;
				CLANG_ENABLE_OBJC_WEAK = YES;
				CLANG_WARN_BLOCK_CAPTURE_AUTORELEASING = YES;
				CLANG_WARN_BOOL_CONVERSION = YES;
				CLANG_WARN_COMMA = YES;
				CLANG_WARN_CONSTANT_CONVERSION = YES;
				CLANG_WARN_DEPRECATED_OBJC_IMPLEMENTATIONS = YES;
				CLANG_WARN_DIRECT_OBJC_ISA_USAGE = YES_ERROR;
				CLANG_WARN_DOCUMENTATION_COMMENTS = YES;
				CLANG_WARN_EMPTY_BODY = YES;
				CLANG_WARN_ENUM_CONVERSION = YES;
				CLANG_WARN_INFINITE_RECURSION = YES;
				CLANG_WARN_INT_CONVERSION = YES;
				CLANG_WARN_NON_LITERAL_NULL_CONVERSION = YES;
				CLANG_WARN_OBJC_IMPLICIT_RETAIN_SELF = YES;
				CLANG_WARN_OBJC_LITERAL_CONVERSION = YES;
				CLANG_WARN_OBJC_ROOT_CLASS = YES_ERROR;
				CLANG_WARN_QUOTED_INCLUDE_IN_FRAMEWORK_HEADER = YES;
				CLANG_WARN_RANGE_LOOP_ANALYSIS = YES;
				CLANG_WARN_STRICT_PROTOTYPES = YES;
				CLANG_WARN_SUSPICIOUS_MOVE = YES;
				CLANG_WARN_UNGUARDED_AVAILABILITY = YES_AGGRESSIVE;
				CLANG_WARN_UNREACHABLE_CODE = YES;
				CLANG_WARN__DUPLICATE_METHOD_MATCH = YES;
				COPY_PHASE_STRIP = NO;
				DEBUG_INFORMATION_FORMAT = "dwarf-with-dsym";
				ENABLE_NS_ASSERTIONS = NO;
				ENABLE_STRICT_OBJC_MSGSEND = YES;
				GCC_C_LANGUAGE_STANDARD = gnu11;
				GCC_NO_COMMON_BLOCKS = YES;
				GCC_WARN_64_TO_32_BIT_CONVERSION = YES;
				GCC_WARN_ABOUT_RETURN_TYPE = YES_ERROR;
				GCC_WARN_UNDECLARED_SELECTOR = YES;
				GCC_WARN_UNINITIALIZED_AUTOS = YES_AGGRESSIVE;
				GCC_WARN_UNUSED_FUNCTION = YES;
				GCC_WARN_UNUSED_VARIABLE = YES;
				IPHONEOS_DEPLOYMENT_TARGET = 16.1;
				MTL_ENABLE_DEBUG_INFO = NO;
				MTL_FAST_MATH = YES;
				SDKROOT = iphoneos;
				SWIFT_COMPILATION_MODE = wholemodule;
				SWIFT_OPTIMIZATION_LEVEL = "-O";
				VALIDATE_PRODUCT = YES;
			};
			name = Release;
		};
		713F605129B0040600FB22B1 /* Debug */ = {
			isa = XCBuildConfiguration;
			buildSettings = {
				ASSETCATALOG_COMPILER_APPICON_NAME = AppIcon;
				ASSETCATALOG_COMPILER_GLOBAL_ACCENT_COLOR_NAME = AccentColor;
				CODE_SIGN_STYLE = Automatic;
				CURRENT_PROJECT_VERSION = 1;
				DEVELOPMENT_ASSET_PATHS = "\"MoneyTracker/Preview Content\"";
				DEVELOPMENT_TEAM = 89BV38HZUZ;
				ENABLE_PREVIEWS = YES;
				GENERATE_INFOPLIST_FILE = YES;
				INFOPLIST_KEY_UIApplicationSceneManifest_Generation = YES;
				INFOPLIST_KEY_UIApplicationSupportsIndirectInputEvents = YES;
				INFOPLIST_KEY_UILaunchScreen_Generation = YES;
				INFOPLIST_KEY_UISupportedInterfaceOrientations_iPad = "UIInterfaceOrientationPortrait UIInterfaceOrientationPortraitUpsideDown UIInterfaceOrientationLandscapeLeft UIInterfaceOrientationLandscapeRight";
				INFOPLIST_KEY_UISupportedInterfaceOrientations_iPhone = "UIInterfaceOrientationPortrait UIInterfaceOrientationLandscapeLeft UIInterfaceOrientationLandscapeRight";
				LD_RUNPATH_SEARCH_PATHS = (
					"$(inherited)",
					"@executable_path/Frameworks",
				);
				MARKETING_VERSION = 1.0;
				PRODUCT_BUNDLE_IDENTIFIER = com.kimleng.moneytracker.MoneyTracker;
				PRODUCT_NAME = "$(TARGET_NAME)";
				SWIFT_EMIT_LOC_STRINGS = YES;
				SWIFT_VERSION = 5.0;
				TARGETED_DEVICE_FAMILY = "1,2";
			};
			name = Debug;
		};
		713F605229B0040600FB22B1 /* Release */ = {
			isa = XCBuildConfiguration;
			buildSettings = {
				ASSETCATALOG_COMPILER_APPICON_NAME = AppIcon;
				ASSETCATALOG_COMPILER_GLOBAL_ACCENT_COLOR_NAME = AccentColor;
				CODE_SIGN_STYLE = Automatic;
				CURRENT_PROJECT_VERSION = 1;
				DEVELOPMENT_ASSET_PATHS = "\"MoneyTracker/Preview Content\"";
				DEVELOPMENT_TEAM = 89BV38HZUZ;
				ENABLE_PREVIEWS = YES;
				GENERATE_INFOPLIST_FILE = YES;
				INFOPLIST_KEY_UIApplicationSceneManifest_Generation = YES;
				INFOPLIST_KEY_UIApplicationSupportsIndirectInputEvents = YES;
				INFOPLIST_KEY_UILaunchScreen_Generation = YES;
				INFOPLIST_KEY_UISupportedInterfaceOrientations_iPad = "UIInterfaceOrientationPortrait UIInterfaceOrientationPortraitUpsideDown UIInterfaceOrientationLandscapeLeft UIInterfaceOrientationLandscapeRight";
				INFOPLIST_KEY_UISupportedInterfaceOrientations_iPhone = "UIInterfaceOrientationPortrait UIInterfaceOrientationLandscapeLeft UIInterfaceOrientationLandscapeRight";
				LD_RUNPATH_SEARCH_PATHS = (
					"$(inherited)",
					"@executable_path/Frameworks",
				);
				MARKETING_VERSION = 1.0;
				PRODUCT_BUNDLE_IDENTIFIER = com.kimleng.moneytracker.MoneyTracker;
				PRODUCT_NAME = "$(TARGET_NAME)";
				SWIFT_EMIT_LOC_STRINGS = YES;
				SWIFT_VERSION = 5.0;
				TARGETED_DEVICE_FAMILY = "1,2";
			};
			name = Release;
		};
		713F605429B0040600FB22B1 /* Debug */ = {
			isa = XCBuildConfiguration;
			buildSettings = {
				ALWAYS_EMBED_SWIFT_STANDARD_LIBRARIES = YES;
				BUNDLE_LOADER = "$(TEST_HOST)";
				CODE_SIGN_STYLE = Automatic;
				CURRENT_PROJECT_VERSION = 1;
				DEVELOPMENT_TEAM = 89BV38HZUZ;
				GENERATE_INFOPLIST_FILE = YES;
				IPHONEOS_DEPLOYMENT_TARGET = 16.1;
				MARKETING_VERSION = 1.0;
				PRODUCT_BUNDLE_IDENTIFIER = com.kimleng.moneytracker.MoneyTrackerTests;
				PRODUCT_NAME = "$(TARGET_NAME)";
				SWIFT_EMIT_LOC_STRINGS = NO;
				SWIFT_VERSION = 5.0;
				TARGETED_DEVICE_FAMILY = "1,2";
				TEST_HOST = "$(BUILT_PRODUCTS_DIR)/MoneyTracker.app/$(BUNDLE_EXECUTABLE_FOLDER_PATH)/MoneyTracker";
			};
			name = Debug;
		};
		713F605529B0040600FB22B1 /* Release */ = {
			isa = XCBuildConfiguration;
			buildSettings = {
				ALWAYS_EMBED_SWIFT_STANDARD_LIBRARIES = YES;
				BUNDLE_LOADER = "$(TEST_HOST)";
				CODE_SIGN_STYLE = Automatic;
				CURRENT_PROJECT_VERSION = 1;
				DEVELOPMENT_TEAM = 89BV38HZUZ;
				GENERATE_INFOPLIST_FILE = YES;
				IPHONEOS_DEPLOYMENT_TARGET = 16.1;
				MARKETING_VERSION = 1.0;
				PRODUCT_BUNDLE_IDENTIFIER = com.kimleng.moneytracker.MoneyTrackerTests;
				PRODUCT_NAME = "$(TARGET_NAME)";
				SWIFT_EMIT_LOC_STRINGS = NO;
				SWIFT_VERSION = 5.0;
				TARGETED_DEVICE_FAMILY = "1,2";
				TEST_HOST = "$(BUILT_PRODUCTS_DIR)/MoneyTracker.app/$(BUNDLE_EXECUTABLE_FOLDER_PATH)/MoneyTracker";
			};
			name = Release;
		};
		713F605729B0040600FB22B1 /* Debug */ = {
			isa = XCBuildConfiguration;
			buildSettings = {
				ALWAYS_EMBED_SWIFT_STANDARD_LIBRARIES = YES;
				CODE_SIGN_STYLE = Automatic;
				CURRENT_PROJECT_VERSION = 1;
				DEVELOPMENT_TEAM = 89BV38HZUZ;
				GENERATE_INFOPLIST_FILE = YES;
				MARKETING_VERSION = 1.0;
				PRODUCT_BUNDLE_IDENTIFIER = com.kimleng.moneytracker.MoneyTrackerUITests;
				PRODUCT_NAME = "$(TARGET_NAME)";
				SWIFT_EMIT_LOC_STRINGS = NO;
				SWIFT_VERSION = 5.0;
				TARGETED_DEVICE_FAMILY = "1,2";
				TEST_TARGET_NAME = MoneyTracker;
			};
			name = Debug;
		};
		713F605829B0040600FB22B1 /* Release */ = {
			isa = XCBuildConfiguration;
			buildSettings = {
				ALWAYS_EMBED_SWIFT_STANDARD_LIBRARIES = YES;
				CODE_SIGN_STYLE = Automatic;
				CURRENT_PROJECT_VERSION = 1;
				DEVELOPMENT_TEAM = 89BV38HZUZ;
				GENERATE_INFOPLIST_FILE = YES;
				MARKETING_VERSION = 1.0;
				PRODUCT_BUNDLE_IDENTIFIER = com.kimleng.moneytracker.MoneyTrackerUITests;
				PRODUCT_NAME = "$(TARGET_NAME)";
				SWIFT_EMIT_LOC_STRINGS = NO;
				SWIFT_VERSION = 5.0;
				TARGETED_DEVICE_FAMILY = "1,2";
				TEST_TARGET_NAME = MoneyTracker;
			};
			name = Release;
		};
/* End XCBuildConfiguration section */

/* Begin XCConfigurationList section */
		713F602229B0040100FB22B1 /* Build configuration list for PBXProject "MoneyTracker" */ = {
			isa = XCConfigurationList;
			buildConfigurations = (
				713F604E29B0040600FB22B1 /* Debug */,
				713F604F29B0040600FB22B1 /* Release */,
			);
			defaultConfigurationIsVisible = 0;
			defaultConfigurationName = Release;
		};
		713F605029B0040600FB22B1 /* Build configuration list for PBXNativeTarget "MoneyTracker" */ = {
			isa = XCConfigurationList;
			buildConfigurations = (
				713F605129B0040600FB22B1 /* Debug */,
				713F605229B0040600FB22B1 /* Release */,
			);
			defaultConfigurationIsVisible = 0;
			defaultConfigurationName = Release;
		};
		713F605329B0040600FB22B1 /* Build configuration list for PBXNativeTarget "MoneyTrackerTests" */ = {
			isa = XCConfigurationList;
			buildConfigurations = (
				713F605429B0040600FB22B1 /* Debug */,
				713F605529B0040600FB22B1 /* Release */,
			);
			defaultConfigurationIsVisible = 0;
			defaultConfigurationName = Release;
		};
		713F605629B0040600FB22B1 /* Build configuration list for PBXNativeTarget "MoneyTrackerUITests" */ = {
			isa = XCConfigurationList;
			buildConfigurations = (
				713F605729B0040600FB22B1 /* Debug */,
				713F605829B0040600FB22B1 /* Release */,
			);
			defaultConfigurationIsVisible = 0;
			defaultConfigurationName = Release;
		};
/* End XCConfigurationList section */

/* Begin XCVersionGroup section */
		713F603529B0040500FB22B1 /* MoneyTracker.xcdatamodeld */ = {
			isa = XCVersionGroup;
			children = (
				713F603629B0040500FB22B1 /* MoneyTracker.xcdatamodel */,
			);
			currentVersion = 713F603629B0040500FB22B1 /* MoneyTracker.xcdatamodel */;
			path = MoneyTracker.xcdatamodeld;
			sourceTree = "<group>";
			versionGroupType = wrapper.xcdatamodel;
		};
/* End XCVersionGroup section */
	};
	rootObject = 713F601F29B0040100FB22B1 /* Project object */;
}
